
Microsoft Visual Studio Solution File, Format Version 12.00
# Visual Studio Version 16
VisualStudioVersion = 16.0.30517.126
MinimumVisualStudioVersion = 10.0.40219.1
Project("{9A19103F-16F7-4668-BE54-9A1E7A4F7556}") = "NeosWikiAssetGenerator", "NeosWikiAssetGenerator\NeosWikiAssetGenerator.csproj", "{37FCC4F6-F6F6-442D-908C-5AE6599C987A}"
EndProject
Global
	GlobalSection(SolutionConfigurationPlatforms) = preSolution
		Debug|Any CPU = Debug|Any CPU
		Release|Any CPU = Release|Any CPU
	EndGlobalSection
	GlobalSection(ProjectConfigurationPlatforms) = postSolution
		{37FCC4F6-F6F6-442D-908C-5AE6599C987A}.Debug|Any CPU.ActiveCfg = Debug|Any CPU
		{37FCC4F6-F6F6-442D-908C-5AE6599C987A}.Debug|Any CPU.Build.0 = Debug|Any CPU
		{37FCC4F6-F6F6-442D-908C-5AE6599C987A}.Release|Any CPU.ActiveCfg = Release|Any CPU
		{37FCC4F6-F6F6-442D-908C-5AE6599C987A}.Release|Any CPU.Build.0 = Release|Any CPU
	EndGlobalSection
	GlobalSection(SolutionProperties) = preSolution
		HideSolutionNode = FALSE
	EndGlobalSection
	GlobalSection(ExtensibilityGlobals) = postSolution
		SolutionGuid = {7167C000-C669-4DF4-93ED-06B7E3C1E239}
	EndGlobalSection
EndGlobal
